PODS:
  - Alamofire (4.6.0)
  - AlamofireObjectMapper (5.0.0):
    - Alamofire (~> 4.1)
    - ObjectMapper (~> 3.0)
  - Kingfisher (4.6.1)
  - Localize-Swift (2.0.0)
  - ObjectMapper (3.1.0)
  - PKHUD (5.0.0)
  - ReachabilitySwift (4.1.0)
  - Realm (2.10.2):
    - Realm/Headers (= 2.10.2)
  - Realm/Headers (2.10.2)
  - RealmSwift (2.10.2):
    - Realm (= 2.10.2)

DEPENDENCIES:
  - Alamofire (~> 4.4)
  - AlamofireObjectMapper (~> 5.0)
  - Kingfisher (~> 4.0)
  - Localize-Swift (~> 2.0)
  - PKHUD (~> 5.0)
  - ReachabilitySwift
  - RealmSwift (~> 2.10.0)

SPEC REPOS:
  https://github.com/CocoaPods/Specs.git:
    - Alamofire
    - AlamofireObjectMapper
    - Kingfisher
    - Localize-Swift
    - ObjectMapper
    - PKHUD
    - ReachabilitySwift
    - Realm
    - RealmSwift

SPEC CHECKSUMS:
  Alamofire: f41a599bd63041760b26d393ec1069d9d7b917f4
  AlamofireObjectMapper: 5fafc816351cbbc0d486611aaeba7461c0cbad49
  Kingfisher: 1f9157d9c02b380cbd0b7cc890161195164eb634
  Localize-Swift: c798ec9286494866f7068f85f7c71283ac5bdab4
  ObjectMapper: 20505058f54e5c3ca69e1d6de9897d152a5369a6
  PKHUD: 3c001512c6e002091184197a8de7a20420786e3b
  ReachabilitySwift: 6849231cd4e06559f3b9ef4a97a0a0f96d41e09f
  Realm: 0ef72b837fb67e9f4b098bac771ddd72c7fdbb69
  RealmSwift: 07a9ae0505091eda6b2ee7c190c3786d6e90a7b0

PODFILE CHECKSUM: 93400b827ec054b6ed79c2b3ffb98f6a1611c171

COCOAPODS: 1.5.0
