// !$*UTF8*$!
{
	archiveVersion = 1;
	classes = {
	};
	objectVersion = 48;
	objects = {

/* Begin PBXBuildFile section */
		892F1AAC2065A0E500F1E199 /* Main.storyboard in Resources */ = {isa = PBXBuildFile; fileRef = 892F1AAA2065A0E500F1E199 /* Main.storyboard */; };
		892F1AAE2065A0E500F1E199 /* Assets.xcassets in Resources */ = {isa = PBXBuildFile; fileRef = 892F1AAD2065A0E500F1E199 /* Assets.xcassets */; };
		892F1AC42065A5B700F1E199 /* AppDelegate.swift in Sources */ = {isa = PBXBuildFile; fileRef = 892F1AC22065A5B700F1E199 /* AppDelegate.swift */; };
		892F1AC52065A5B700F1E199 /* Info.plist in Resources */ = {isa = PBXBuildFile; fileRef = 892F1AC32065A5B700F1E199 /* Info.plist */; };
		892F1AC82065A5C400F1E199 /* LaunchScreen.storyboard in Resources */ = {isa = PBXBuildFile; fileRef = 892F1AC62065A5C400F1E199 /* LaunchScreen.storyboard */; };
		892F1ACA2065A9EB00F1E199 /* Beer.swift in Sources */ = {isa = PBXBuildFile; fileRef = 892F1AC92065A9EA00F1E199 /* Beer.swift */; };
		892F1ACC2065B0CE00F1E199 /* BeerListViewController.swift in Sources */ = {isa = PBXBuildFile; fileRef = 892F1ACB2065B0CE00F1E199 /* BeerListViewController.swift */; };
		892F1AD02065B38F00F1E199 /* APIManager.swift in Sources */ = {isa = PBXBuildFile; fileRef = 892F1ACF2065B38F00F1E199 /* APIManager.swift */; };
		892F1AD22065B3EB00F1E199 /* APIBeer.swift in Sources */ = {isa = PBXBuildFile; fileRef = 892F1AD12065B3EB00F1E199 /* APIBeer.swift */; };
		892F1AD52065B4BE00F1E199 /* Constants.swift in Sources */ = {isa = PBXBuildFile; fileRef = 892F1AD42065B4BE00F1E199 /* Constants.swift */; };
		89509C19206D2F6700DA70DB /* NotFoundTableViewCell.swift in Sources */ = {isa = PBXBuildFile; fileRef = 89509C17206D2F6700DA70DB /* NotFoundTableViewCell.swift */; };
		89509C1A206D2F6700DA70DB /* NotFoundTableViewCell.xib in Resources */ = {isa = PBXBuildFile; fileRef = 89509C18206D2F6700DA70DB /* NotFoundTableViewCell.xib */; };
		89509C1C206D346300DA70DB /* BeerDetail.storyboard in Resources */ = {isa = PBXBuildFile; fileRef = 89509C1B206D346300DA70DB /* BeerDetail.storyboard */; };
		89509C1F206D350800DA70DB /* BeerDetailViewController.swift in Sources */ = {isa = PBXBuildFile; fileRef = 89509C1E206D350800DA70DB /* BeerDetailViewController.swift */; };
		89509C22206D353E00DA70DB /* BeerDetailPresenter.swift in Sources */ = {isa = PBXBuildFile; fileRef = 89509C21206D353E00DA70DB /* BeerDetailPresenter.swift */; };
		8955A064206E7C7700652C59 /* RealmSingleton.swift in Sources */ = {isa = PBXBuildFile; fileRef = 8955A063206E7C7700652C59 /* RealmSingleton.swift */; };
		8955A066206E85D600652C59 /* UILabel+Extension.swift in Sources */ = {isa = PBXBuildFile; fileRef = 8955A065206E85D600652C59 /* UILabel+Extension.swift */; };
		8955A068206E85FA00652C59 /* ViewUtil.swift in Sources */ = {isa = PBXBuildFile; fileRef = 8955A067206E85FA00652C59 /* ViewUtil.swift */; };
		898E0D3A206D630500E49688 /* DBManager.swift in Sources */ = {isa = PBXBuildFile; fileRef = 898E0D39206D630500E49688 /* DBManager.swift */; };
		89A5E1F2206D380100235B69 /* BeerDetailTableViewCell.swift in Sources */ = {isa = PBXBuildFile; fileRef = 89A5E1F0206D380100235B69 /* BeerDetailTableViewCell.swift */; };
		89A5E1F3206D380100235B69 /* BeerDetailTableViewCell.xib in Resources */ = {isa = PBXBuildFile; fileRef = 89A5E1F1206D380100235B69 /* BeerDetailTableViewCell.xib */; };
		89CF912C206C232800780D43 /* BeerTableViewCell.swift in Sources */ = {isa = PBXBuildFile; fileRef = 89CF912A206C232800780D43 /* BeerTableViewCell.swift */; };
		89CF912D206C232800780D43 /* BeerTableViewCell.xib in Resources */ = {isa = PBXBuildFile; fileRef = 89CF912B206C232800780D43 /* BeerTableViewCell.xib */; };
		89CF9131206C34C300780D43 /* BeerPresenter.swift in Sources */ = {isa = PBXBuildFile; fileRef = 89CF9130206C34C300780D43 /* BeerPresenter.swift */; };
		89CF9134206C370700780D43 /* Localizable.strings in Resources */ = {isa = PBXBuildFile; fileRef = 89CF9136206C370700780D43 /* Localizable.strings */; };
		89CF913A206C542F00780D43 /* UITableView.swift in Sources */ = {isa = PBXBuildFile; fileRef = 89CF9139206C542F00780D43 /* UITableView.swift */; };
		89CF913C206C55E700780D43 /* UIAlertController.swift in Sources */ = {isa = PBXBuildFile; fileRef = 89CF913B206C55E700780D43 /* UIAlertController.swift */; };
		89CF913E206C61BA00780D43 /* UIViewController.swift in Sources */ = {isa = PBXBuildFile; fileRef = 89CF913D206C61BA00780D43 /* UIViewController.swift */; };
		89CF9140206C63AC00780D43 /* InteractivePopRecognizer.swift in Sources */ = {isa = PBXBuildFile; fileRef = 89CF913F206C63AC00780D43 /* InteractivePopRecognizer.swift */; };
		A5EF63BB0F15B1CC0222B928 /* Pods_BeerList.framework in Frameworks */ = {isa = PBXBuildFile; fileRef = F810DB4A4ADC483D13281AFE /* Pods_BeerList.framework */; };
/* End PBXBuildFile section */

/* Begin PBXFileReference section */
		0F0B552D3B7EF5BF6A947D3E /* Pods-BeerList.debug.xcconfig */ = {isa = PBXFileReference; includeInIndex = 1; lastKnownFileType = text.xcconfig; name = "Pods-BeerList.debug.xcconfig"; path = "Pods/Target Support Files/Pods-BeerList/Pods-BeerList.debug.xcconfig"; sourceTree = "<group>"; };
		892F1AA32065A0E500F1E199 /* BeerList.app */ = {isa = PBXFileReference; explicitFileType = wrapper.application; includeInIndex = 0; path = BeerList.app; sourceTree = BUILT_PRODUCTS_DIR; };
		892F1AAB2065A0E500F1E199 /* Base */ = {isa = PBXFileReference; lastKnownFileType = file.storyboard; name = Base; path = Base.lproj/Main.storyboard; sourceTree = "<group>"; };
		892F1AAD2065A0E500F1E199 /* Assets.xcassets */ = {isa = PBXFileReference; lastKnownFileType = folder.assetcatalog; path = Assets.xcassets; sourceTree = "<group>"; };
		892F1AC22065A5B700F1E199 /* AppDelegate.swift */ = {isa = PBXFileReference; fileEncoding = 4; lastKnownFileType = sourcecode.swift; path = AppDelegate.swift; sourceTree = "<group>"; };
		892F1AC32065A5B700F1E199 /* Info.plist */ = {isa = PBXFileReference; fileEncoding = 4; lastKnownFileType = text.plist.xml; path = Info.plist; sourceTree = "<group>"; };
		892F1AC72065A5C400F1E199 /* Base */ = {isa = PBXFileReference; lastKnownFileType = file.storyboard; name = Base; path = Base.lproj/LaunchScreen.storyboard; sourceTree = "<group>"; };
		892F1AC92065A9EA00F1E199 /* Beer.swift */ = {isa = PBXFileReference; lastKnownFileType = sourcecode.swift; path = Beer.swift; sourceTree = "<group>"; };
		892F1ACB2065B0CE00F1E199 /* BeerListViewController.swift */ = {isa = PBXFileReference; lastKnownFileType = sourcecode.swift; path = BeerListViewController.swift; sourceTree = "<group>"; };
		892F1ACF2065B38F00F1E199 /* APIManager.swift */ = {isa = PBXFileReference; lastKnownFileType = sourcecode.swift; path = APIManager.swift; sourceTree = "<group>"; };
		892F1AD12065B3EB00F1E199 /* APIBeer.swift */ = {isa = PBXFileReference; lastKnownFileType = sourcecode.swift; path = APIBeer.swift; sourceTree = "<group>"; };
		892F1AD42065B4BE00F1E199 /* Constants.swift */ = {isa = PBXFileReference; lastKnownFileType = sourcecode.swift; path = Constants.swift; sourceTree = "<group>"; };
		89509C17206D2F6700DA70DB /* NotFoundTableViewCell.swift */ = {isa = PBXFileReference; lastKnownFileType = sourcecode.swift; path = NotFoundTableViewCell.swift; sourceTree = "<group>"; };
		89509C18206D2F6700DA70DB /* NotFoundTableViewCell.xib */ = {isa = PBXFileReference; lastKnownFileType = file.xib; path = NotFoundTableViewCell.xib; sourceTree = "<group>"; };
		89509C1B206D346300DA70DB /* BeerDetail.storyboard */ = {isa = PBXFileReference; lastKnownFileType = file.storyboard; path = BeerDetail.storyboard; sourceTree = "<group>"; };
		89509C1E206D350800DA70DB /* BeerDetailViewController.swift */ = {isa = PBXFileReference; lastKnownFileType = sourcecode.swift; path = BeerDetailViewController.swift; sourceTree = "<group>"; };
		89509C21206D353E00DA70DB /* BeerDetailPresenter.swift */ = {isa = PBXFileReference; lastKnownFileType = sourcecode.swift; path = BeerDetailPresenter.swift; sourceTree = "<group>"; };
		8955A063206E7C7700652C59 /* RealmSingleton.swift */ = {isa = PBXFileReference; lastKnownFileType = sourcecode.swift; path = RealmSingleton.swift; sourceTree = "<group>"; };
		8955A065206E85D600652C59 /* UILabel+Extension.swift */ = {isa = PBXFileReference; lastKnownFileType = sourcecode.swift; path = "UILabel+Extension.swift"; sourceTree = "<group>"; };
		8955A067206E85FA00652C59 /* ViewUtil.swift */ = {isa = PBXFileReference; lastKnownFileType = sourcecode.swift; path = ViewUtil.swift; sourceTree = "<group>"; };
		898E0D39206D630500E49688 /* DBManager.swift */ = {isa = PBXFileReference; lastKnownFileType = sourcecode.swift; path = DBManager.swift; sourceTree = "<group>"; };
		89A5E1F0206D380100235B69 /* BeerDetailTableViewCell.swift */ = {isa = PBXFileReference; lastKnownFileType = sourcecode.swift; path = BeerDetailTableViewCell.swift; sourceTree = "<group>"; };
		89A5E1F1206D380100235B69 /* BeerDetailTableViewCell.xib */ = {isa = PBXFileReference; lastKnownFileType = file.xib; path = BeerDetailTableViewCell.xib; sourceTree = "<group>"; };
		89CF912A206C232800780D43 /* BeerTableViewCell.swift */ = {isa = PBXFileReference; lastKnownFileType = sourcecode.swift; path = BeerTableViewCell.swift; sourceTree = "<group>"; };
		89CF912B206C232800780D43 /* BeerTableViewCell.xib */ = {isa = PBXFileReference; lastKnownFileType = file.xib; path = BeerTableViewCell.xib; sourceTree = "<group>"; };
		89CF9130206C34C300780D43 /* BeerPresenter.swift */ = {isa = PBXFileReference; lastKnownFileType = sourcecode.swift; path = BeerPresenter.swift; sourceTree = "<group>"; };
		89CF9135206C370700780D43 /* en */ = {isa = PBXFileReference; lastKnownFileType = text.plist.strings; name = en; path = en.lproj/Localizable.strings; sourceTree = "<group>"; };
		89CF9137206C379D00780D43 /* pt-BR */ = {isa = PBXFileReference; lastKnownFileType = text.plist.strings; name = "pt-BR"; path = "pt-BR.lproj/Localizable.strings"; sourceTree = "<group>"; };
		89CF9139206C542F00780D43 /* UITableView.swift */ = {isa = PBXFileReference; lastKnownFileType = sourcecode.swift; path = UITableView.swift; sourceTree = "<group>"; };
		89CF913B206C55E700780D43 /* UIAlertController.swift */ = {isa = PBXFileReference; lastKnownFileType = sourcecode.swift; path = UIAlertController.swift; sourceTree = "<group>"; };
		89CF913D206C61BA00780D43 /* UIViewController.swift */ = {isa = PBXFileReference; lastKnownFileType = sourcecode.swift; path = UIViewController.swift; sourceTree = "<group>"; };
		89CF913F206C63AC00780D43 /* InteractivePopRecognizer.swift */ = {isa = PBXFileReference; lastKnownFileType = sourcecode.swift; path = InteractivePopRecognizer.swift; sourceTree = "<group>"; };
		F2536B48C1D6E8AD74691F48 /* Pods-BeerList.release.xcconfig */ = {isa = PBXFileReference; includeInIndex = 1; lastKnownFileType = text.xcconfig; name = "Pods-BeerList.release.xcconfig"; path = "Pods/Target Support Files/Pods-BeerList/Pods-BeerList.release.xcconfig"; sourceTree = "<group>"; };
		F810DB4A4ADC483D13281AFE /* Pods_BeerList.framework */ = {isa = PBXFileReference; explicitFileType = wrapper.framework; includeInIndex = 0; path = Pods_BeerList.framework; sourceTree = BUILT_PRODUCTS_DIR; };
/* End PBXFileReference section */

/* Begin PBXFrameworksBuildPhase section */
		892F1AA02065A0E500F1E199 /* Frameworks */ = {
			isa = PBXFrameworksBuildPhase;
			buildActionMask = 2147483647;
			files = (
				A5EF63BB0F15B1CC0222B928 /* Pods_BeerList.framework in Frameworks */,
			);
			runOnlyForDeploymentPostprocessing = 0;
		};
/* End PBXFrameworksBuildPhase section */

/* Begin PBXGroup section */
		47D135089F4CC996869226E9 /* Frameworks */ = {
			isa = PBXGroup;
			children = (
				F810DB4A4ADC483D13281AFE /* Pods_BeerList.framework */,
			);
			name = Frameworks;
			sourceTree = "<group>";
		};
		892F1A9A2065A0E500F1E199 = {
			isa = PBXGroup;
			children = (
				892F1AA52065A0E500F1E199 /* BeerList */,
				892F1AA42065A0E500F1E199 /* Products */,
				99C533BD40086384820CCEC9 /* Pods */,
				47D135089F4CC996869226E9 /* Frameworks */,
			);
			sourceTree = "<group>";
		};
		892F1AA42065A0E500F1E199 /* Products */ = {
			isa = PBXGroup;
			children = (
				892F1AA32065A0E500F1E199 /* BeerList.app */,
			);
			name = Products;
			sourceTree = "<group>";
		};
		892F1AA52065A0E500F1E199 /* BeerList */ = {
			isa = PBXGroup;
			children = (
				892F1AB82065A19B00F1E199 /* Modules */,
				892F1ABB2065A1F000F1E199 /* Entities */,
				892F1ABC2065A20600F1E199 /* Utils */,
				892F1ABE2065A21C00F1E199 /* Assets */,
				892F1AC12065A24600F1E199 /* Application */,
			);
			path = BeerList;
			sourceTree = "<group>";
		};
		892F1AB82065A19B00F1E199 /* Modules */ = {
			isa = PBXGroup;
			children = (
				892F1ABA2065A1CC00F1E199 /* BeerDetail */,
				892F1AB92065A1C000F1E199 /* BeersList */,
			);
			path = Modules;
			sourceTree = "<group>";
		};
		892F1AB92065A1C000F1E199 /* BeersList */ = {
			isa = PBXGroup;
			children = (
				89CF912F206C349100780D43 /* Presenter */,
				89CF912E206C348800780D43 /* View */,
			);
			path = BeersList;
			sourceTree = "<group>";
		};
		892F1ABA2065A1CC00F1E199 /* BeerDetail */ = {
			isa = PBXGroup;
			children = (
				89509C20206D353000DA70DB /* Presenter */,
				89509C1D206D34EB00DA70DB /* View */,
			);
			path = BeerDetail;
			sourceTree = "<group>";
		};
		892F1ABB2065A1F000F1E199 /* Entities */ = {
			isa = PBXGroup;
			children = (
				892F1AC92065A9EA00F1E199 /* Beer.swift */,
			);
			path = Entities;
			sourceTree = "<group>";
		};
		892F1ABC2065A20600F1E199 /* Utils */ = {
			isa = PBXGroup;
			children = (
				89CF9138206C541E00780D43 /* Extension */,
				89CF9127206C22C700780D43 /* UIViews */,
				892F1AD32065B4AF00F1E199 /* Constants */,
				892F1ACD2065B36F00F1E199 /* DataManagers */,
			);
			path = Utils;
			sourceTree = "<group>";
		};
		892F1ABE2065A21C00F1E199 /* Assets */ = {
			isa = PBXGroup;
			children = (
				892F1AC02065A23800F1E199 /* Strings */,
				892F1ABF2065A22C00F1E199 /* Images */,
			);
			path = Assets;
			sourceTree = "<group>";
		};
		892F1ABF2065A22C00F1E199 /* Images */ = {
			isa = PBXGroup;
			children = (
				892F1AAD2065A0E500F1E199 /* Assets.xcassets */,
			);
			path = Images;
			sourceTree = "<group>";
		};
		892F1AC02065A23800F1E199 /* Strings */ = {
			isa = PBXGroup;
			children = (
				89CF9136206C370700780D43 /* Localizable.strings */,
			);
			path = Strings;
			sourceTree = "<group>";
		};
		892F1AC12065A24600F1E199 /* Application */ = {
			isa = PBXGroup;
			children = (
				892F1AC62065A5C400F1E199 /* LaunchScreen.storyboard */,
				892F1AC22065A5B700F1E199 /* AppDelegate.swift */,
				892F1AC32065A5B700F1E199 /* Info.plist */,
			);
			path = Application;
			sourceTree = "<group>";
		};
		892F1ACD2065B36F00F1E199 /* DataManagers */ = {
			isa = PBXGroup;
			children = (
				898E0D38206D62E000E49688 /* DataBase */,
				892F1ACE2065B37D00F1E199 /* Api */,
			);
			path = DataManagers;
			sourceTree = "<group>";
		};
		892F1ACE2065B37D00F1E199 /* Api */ = {
			isa = PBXGroup;
			children = (
				892F1ACF2065B38F00F1E199 /* APIManager.swift */,
				892F1AD12065B3EB00F1E199 /* APIBeer.swift */,
			);
			path = Api;
			sourceTree = "<group>";
		};
		892F1AD32065B4AF00F1E199 /* Constants */ = {
			isa = PBXGroup;
			children = (
				892F1AD42065B4BE00F1E199 /* Constants.swift */,
			);
			path = Constants;
			sourceTree = "<group>";
		};
		89509C16206D2F4B00DA70DB /* NotFound */ = {
			isa = PBXGroup;
			children = (
				89509C17206D2F6700DA70DB /* NotFoundTableViewCell.swift */,
				89509C18206D2F6700DA70DB /* NotFoundTableViewCell.xib */,
			);
			path = NotFound;
			sourceTree = "<group>";
		};
		89509C1D206D34EB00DA70DB /* View */ = {
			isa = PBXGroup;
			children = (
				89509C1B206D346300DA70DB /* BeerDetail.storyboard */,
				89509C1E206D350800DA70DB /* BeerDetailViewController.swift */,
			);
			path = View;
			sourceTree = "<group>";
		};
		89509C20206D353000DA70DB /* Presenter */ = {
			isa = PBXGroup;
			children = (
				89509C21206D353E00DA70DB /* BeerDetailPresenter.swift */,
			);
			path = Presenter;
			sourceTree = "<group>";
		};
		898E0D38206D62E000E49688 /* DataBase */ = {
			isa = PBXGroup;
			children = (
				898E0D39206D630500E49688 /* DBManager.swift */,
			);
			path = DataBase;
			sourceTree = "<group>";
		};
		89A5E1F4206D3A0900235B69 /* BeerDetail */ = {
			isa = PBXGroup;
			children = (
				89A5E1F0206D380100235B69 /* BeerDetailTableViewCell.swift */,
				89A5E1F1206D380100235B69 /* BeerDetailTableViewCell.xib */,
			);
			path = BeerDetail;
			sourceTree = "<group>";
		};
		89CF9127206C22C700780D43 /* UIViews */ = {
			isa = PBXGroup;
			children = (
				89CF9128206C22D000780D43 /* TableViewCells */,
			);
			path = UIViews;
			sourceTree = "<group>";
		};
		89CF9128206C22D000780D43 /* TableViewCells */ = {
			isa = PBXGroup;
			children = (
				89A5E1F4206D3A0900235B69 /* BeerDetail */,
				89509C16206D2F4B00DA70DB /* NotFound */,
				89CF9129206C22DD00780D43 /* BeerCell */,
			);
			path = TableViewCells;
			sourceTree = "<group>";
		};
		89CF9129206C22DD00780D43 /* BeerCell */ = {
			isa = PBXGroup;
			children = (
				89CF912A206C232800780D43 /* BeerTableViewCell.swift */,
				89CF912B206C232800780D43 /* BeerTableViewCell.xib */,
			);
			path = BeerCell;
			sourceTree = "<group>";
		};
		89CF912E206C348800780D43 /* View */ = {
			isa = PBXGroup;
			children = (
				892F1AAA2065A0E500F1E199 /* Main.storyboard */,
				892F1ACB2065B0CE00F1E199 /* BeerListViewController.swift */,
			);
			path = View;
			sourceTree = "<group>";
		};
		89CF912F206C349100780D43 /* Presenter */ = {
			isa = PBXGroup;
			children = (
				89CF9130206C34C300780D43 /* BeerPresenter.swift */,
			);
			path = Presenter;
			sourceTree = "<group>";
		};
		89CF9138206C541E00780D43 /* Extension */ = {
			isa = PBXGroup;
			children = (
				89CF9139206C542F00780D43 /* UITableView.swift */,
				89CF913B206C55E700780D43 /* UIAlertController.swift */,
				89CF913D206C61BA00780D43 /* UIViewController.swift */,
				89CF913F206C63AC00780D43 /* InteractivePopRecognizer.swift */,
				8955A063206E7C7700652C59 /* RealmSingleton.swift */,
				8955A065206E85D600652C59 /* UILabel+Extension.swift */,
				8955A067206E85FA00652C59 /* ViewUtil.swift */,
			);
			path = Extension;
			sourceTree = "<group>";
		};
		99C533BD40086384820CCEC9 /* Pods */ = {
			isa = PBXGroup;
			children = (
				0F0B552D3B7EF5BF6A947D3E /* Pods-BeerList.debug.xcconfig */,
				F2536B48C1D6E8AD74691F48 /* Pods-BeerList.release.xcconfig */,
			);
			name = Pods;
			sourceTree = "<group>";
		};
/* End PBXGroup section */

/* Begin PBXNativeTarget section */
		892F1AA22065A0E500F1E199 /* BeerList */ = {
			isa = PBXNativeTarget;
			buildConfigurationList = 892F1AB52065A0E500F1E199 /* Build configuration list for PBXNativeTarget "BeerList" */;
			buildPhases = (
				8740B3505C5A792A106A51A2 /* [CP] Check Pods Manifest.lock */,
				892F1A9F2065A0E500F1E199 /* Sources */,
				892F1AA02065A0E500F1E199 /* Frameworks */,
				892F1AA12065A0E500F1E199 /* Resources */,
				EE307FA0DE128B64365D5873 /* [CP] Embed Pods Frameworks */,
				2C20D27066264EE9872EF817 /* [CP] Copy Pods Resources */,
			);
			buildRules = (
			);
			dependencies = (
			);
			name = BeerList;
			productName = BeerList;
			productReference = 892F1AA32065A0E500F1E199 /* BeerList.app */;
			productType = "com.apple.product-type.application";
		};
/* End PBXNativeTarget section */

/* Begin PBXProject section */
		892F1A9B2065A0E500F1E199 /* Project object */ = {
			isa = PBXProject;
			attributes = {
				LastSwiftUpdateCheck = 0920;
				LastUpgradeCheck = 0920;
				ORGANIZATIONNAME = "Nicolau Atala Pelluzi";
				TargetAttributes = {
					892F1AA22065A0E500F1E199 = {
						CreatedOnToolsVersion = 9.2;
						ProvisioningStyle = Automatic;
					};
				};
			};
			buildConfigurationList = 892F1A9E2065A0E500F1E199 /* Build configuration list for PBXProject "BeerList" */;
			compatibilityVersion = "Xcode 8.0";
			developmentRegion = en;
			hasScannedForEncodings = 0;
			knownRegions = (
				en,
				Base,
				"pt-BR",
			);
			mainGroup = 892F1A9A2065A0E500F1E199;
			productRefGroup = 892F1AA42065A0E500F1E199 /* Products */;
			projectDirPath = "";
			projectRoot = "";
			targets = (
				892F1AA22065A0E500F1E199 /* BeerList */,
			);
		};
/* End PBXProject section */

/* Begin PBXResourcesBuildPhase section */
		892F1AA12065A0E500F1E199 /* Resources */ = {
			isa = PBXResourcesBuildPhase;
			buildActionMask = 2147483647;
			files = (
				892F1AAE2065A0E500F1E199 /* Assets.xcassets in Resources */,
				89A5E1F3206D380100235B69 /* BeerDetailTableViewCell.xib in Resources */,
				89CF9134206C370700780D43 /* Localizable.strings in Resources */,
				89CF912D206C232800780D43 /* BeerTableViewCell.xib in Resources */,
				892F1AC82065A5C400F1E199 /* LaunchScreen.storyboard in Resources */,
				89509C1A206D2F6700DA70DB /* NotFoundTableViewCell.xib in Resources */,
				89509C1C206D346300DA70DB /* BeerDetail.storyboard in Resources */,
				892F1AAC2065A0E500F1E199 /* Main.storyboard in Resources */,
				892F1AC52065A5B700F1E199 /* Info.plist in Resources */,
			);
			runOnlyForDeploymentPostprocessing = 0;
		};
/* End PBXResourcesBuildPhase section */

/* Begin PBXShellScriptBuildPhase section */
		2C20D27066264EE9872EF817 /* [CP] Copy Pods Resources */ = {
			isa = PBXShellScriptBuildPhase;
			buildActionMask = 2147483647;
			files = (
			);
			inputPaths = (
			);
			name = "[CP] Copy Pods Resources";
			outputPaths = (
			);
			runOnlyForDeploymentPostprocessing = 0;
			shellPath = /bin/sh;
			shellScript = "\"${SRCROOT}/Pods/Target Support Files/Pods-BeerList/Pods-BeerList-resources.sh\"\n";
			showEnvVarsInLog = 0;
		};
		8740B3505C5A792A106A51A2 /* [CP] Check Pods Manifest.lock */ = {
			isa = PBXShellScriptBuildPhase;
			buildActionMask = 2147483647;
			files = (
			);
			inputPaths = (
				"${PODS_PODFILE_DIR_PATH}/Podfile.lock",
				"${PODS_ROOT}/Manifest.lock",
			);
			name = "[CP] Check Pods Manifest.lock";
			outputPaths = (
				"$(DERIVED_FILE_DIR)/Pods-BeerList-checkManifestLockResult.txt",
			);
			runOnlyForDeploymentPostprocessing = 0;
			shellPath = /bin/sh;
			shellScript = "diff \"${PODS_PODFILE_DIR_PATH}/Podfile.lock\" \"${PODS_ROOT}/Manifest.lock\" > /dev/null\nif [ $? != 0 ] ; then\n    # print error to STDERR\n    echo \"error: The sandbox is not in sync with the Podfile.lock. Run 'pod install' or update your CocoaPods installation.\" >&2\n    exit 1\nfi\n# This output is used by Xcode 'outputs' to avoid re-running this script phase.\necho \"SUCCESS\" > \"${SCRIPT_OUTPUT_FILE_0}\"\n";
			showEnvVarsInLog = 0;
		};
		EE307FA0DE128B64365D5873 /* [CP] Embed Pods Frameworks */ = {
			isa = PBXShellScriptBuildPhase;
			buildActionMask = 2147483647;
			files = (
			);
			inputPaths = (
				"${SRCROOT}/Pods/Target Support Files/Pods-BeerList/Pods-BeerList-frameworks.sh",
				"${BUILT_PRODUCTS_DIR}/Alamofire/Alamofire.framework",
				"${BUILT_PRODUCTS_DIR}/AlamofireObjectMapper/AlamofireObjectMapper.framework",
				"${BUILT_PRODUCTS_DIR}/Kingfisher/Kingfisher.framework",
				"${BUILT_PRODUCTS_DIR}/Localize-Swift/Localize_Swift.framework",
				"${BUILT_PRODUCTS_DIR}/ObjectMapper/ObjectMapper.framework",
				"${BUILT_PRODUCTS_DIR}/PKHUD/PKHUD.framework",
				"${BUILT_PRODUCTS_DIR}/ReachabilitySwift/Reachability.framework",
				"${BUILT_PRODUCTS_DIR}/Realm/Realm.framework",
				"${BUILT_PRODUCTS_DIR}/RealmSwift/RealmSwift.framework",
			);
			name = "[CP] Embed Pods Frameworks";
			outputPaths = (
				"${TARGET_BUILD_DIR}/${FRAMEWORKS_FOLDER_PATH}/Alamofire.framework",
				"${TARGET_BUILD_DIR}/${FRAMEWORKS_FOLDER_PATH}/AlamofireObjectMapper.framework",
				"${TARGET_BUILD_DIR}/${FRAMEWORKS_FOLDER_PATH}/Kingfisher.framework",
				"${TARGET_BUILD_DIR}/${FRAMEWORKS_FOLDER_PATH}/Localize_Swift.framework",
				"${TARGET_BUILD_DIR}/${FRAMEWORKS_FOLDER_PATH}/ObjectMapper.framework",
				"${TARGET_BUILD_DIR}/${FRAMEWORKS_FOLDER_PATH}/PKHUD.framework",
				"${TARGET_BUILD_DIR}/${FRAMEWORKS_FOLDER_PATH}/Reachability.framework",
				"${TARGET_BUILD_DIR}/${FRAMEWORKS_FOLDER_PATH}/Realm.framework",
				"${TARGET_BUILD_DIR}/${FRAMEWORKS_FOLDER_PATH}/RealmSwift.framework",
			);
			runOnlyForDeploymentPostprocessing = 0;
			shellPath = /bin/sh;
			shellScript = "\"${SRCROOT}/Pods/Target Support Files/Pods-BeerList/Pods-BeerList-frameworks.sh\"\n";
			showEnvVarsInLog = 0;
		};
/* End PBXShellScriptBuildPhase section */

/* Begin PBXSourcesBuildPhase section */
		892F1A9F2065A0E500F1E199 /* Sources */ = {
			isa = PBXSourcesBuildPhase;
			buildActionMask = 2147483647;
			files = (
				892F1AD02065B38F00F1E199 /* APIManager.swift in Sources */,
				89CF912C206C232800780D43 /* BeerTableViewCell.swift in Sources */,
				89509C19206D2F6700DA70DB /* NotFoundTableViewCell.swift in Sources */,
				892F1ACC2065B0CE00F1E199 /* BeerListViewController.swift in Sources */,
				89CF913E206C61BA00780D43 /* UIViewController.swift in Sources */,
				892F1AC42065A5B700F1E199 /* AppDelegate.swift in Sources */,
				89CF913C206C55E700780D43 /* UIAlertController.swift in Sources */,
				8955A064206E7C7700652C59 /* RealmSingleton.swift in Sources */,
				8955A066206E85D600652C59 /* UILabel+Extension.swift in Sources */,
				89509C22206D353E00DA70DB /* BeerDetailPresenter.swift in Sources */,
				89509C1F206D350800DA70DB /* BeerDetailViewController.swift in Sources */,
				89CF9131206C34C300780D43 /* BeerPresenter.swift in Sources */,
				89CF913A206C542F00780D43 /* UITableView.swift in Sources */,
				898E0D3A206D630500E49688 /* DBManager.swift in Sources */,
				8955A068206E85FA00652C59 /* ViewUtil.swift in Sources */,
				892F1AD22065B3EB00F1E199 /* APIBeer.swift in Sources */,
				89A5E1F2206D380100235B69 /* BeerDetailTableViewCell.swift in Sources */,
				892F1ACA2065A9EB00F1E199 /* Beer.swift in Sources */,
				89CF9140206C63AC00780D43 /* InteractivePopRecognizer.swift in Sources */,
				892F1AD52065B4BE00F1E199 /* Constants.swift in Sources */,
			);
			runOnlyForDeploymentPostprocessing = 0;
		};
/* End PBXSourcesBuildPhase section */

/* Begin PBXVariantGroup section */
		892F1AAA2065A0E500F1E199 /* Main.storyboard */ = {
			isa = PBXVariantGroup;
			children = (
				892F1AAB2065A0E500F1E199 /* Base */,
			);
			name = Main.storyboard;
			sourceTree = "<group>";
		};
		892F1AC62065A5C400F1E199 /* LaunchScreen.storyboard */ = {
			isa = PBXVariantGroup;
			children = (
				892F1AC72065A5C400F1E199 /* Base */,
			);
			name = LaunchScreen.storyboard;
			sourceTree = "<group>";
		};
		89CF9136206C370700780D43 /* Localizable.strings */ = {
			isa = PBXVariantGroup;
			children = (
				89CF9135206C370700780D43 /* en */,
				89CF9137206C379D00780D43 /* pt-BR */,
			);
			name = Localizable.strings;
			sourceTree = "<group>";
		};
/* End PBXVariantGroup section */

/* Begin XCBuildConfiguration section */
		892F1AB32065A0E500F1E199 /* Debug */ = {
			isa = XCBuildConfiguration;
			buildSettings = {
				ALWAYS_SEARCH_USER_PATHS = NO;
				CLANG_ANALYZER_LOCALIZABILITY_NONLOCALIZED = YES;
				CLANG_ANALYZER_NONNULL = YES;
				CLANG_ANALYZER_NUMBER_OBJECT_CONVERSION = YES_AGGRESSIVE;
				CLANG_CXX_LANGUAGE_STANDARD = "gnu++14";
				CLANG_CXX_LIBRARY = "libc++";
				CLANG_ENABLE_MODULES = YES;
				CLANG_ENABLE_OBJC_ARC = YES;
				CLANG_WARN_BLOCK_CAPTURE_AUTORELEASING = YES;
				CLANG_WARN_BOOL_CONVERSION = YES;
				CLANG_WARN_COMMA = YES;
				CLANG_WARN_CONSTANT_CONVERSION = YES;
				CLANG_WARN_DIRECT_OBJC_ISA_USAGE = YES_ERROR;
				CLANG_WARN_DOCUMENTATION_COMMENTS = YES;
				CLANG_WARN_EMPTY_BODY = YES;
				CLANG_WARN_ENUM_CONVERSION = YES;
				CLANG_WARN_INFINITE_RECURSION = YES;
				CLANG_WARN_INT_CONVERSION = YES;
				CLANG_WARN_NON_LITERAL_NULL_CONVERSION = YES;
				CLANG_WARN_OBJC_LITERAL_CONVERSION = YES;
				CLANG_WARN_OBJC_ROOT_CLASS = YES_ERROR;
				CLANG_WARN_RANGE_LOOP_ANALYSIS = YES;
				CLANG_WARN_STRICT_PROTOTYPES = YES;
				CLANG_WARN_SUSPICIOUS_MOVE = YES;
				CLANG_WARN_UNGUARDED_AVAILABILITY = YES_AGGRESSIVE;
				CLANG_WARN_UNREACHABLE_CODE = YES;
				CLANG_WARN__DUPLICATE_METHOD_MATCH = YES;
				CODE_SIGN_IDENTITY = "iPhone Developer";
				COPY_PHASE_STRIP = NO;
				DEBUG_INFORMATION_FORMAT = dwarf;
				ENABLE_STRICT_OBJC_MSGSEND = YES;
				ENABLE_TESTABILITY = YES;
				GCC_C_LANGUAGE_STANDARD = gnu11;
				GCC_DYNAMIC_NO_PIC = NO;
				GCC_NO_COMMON_BLOCKS = YES;
				GCC_OPTIMIZATION_LEVEL = 0;
				GCC_PREPROCESSOR_DEFINITIONS = (
					"DEBUG=1",
					"$(inherited)",
				);
				GCC_WARN_64_TO_32_BIT_CONVERSION = YES;
				GCC_WARN_ABOUT_RETURN_TYPE = YES_ERROR;
				GCC_WARN_UNDECLARED_SELECTOR = YES;
				GCC_WARN_UNINITIALIZED_AUTOS = YES_AGGRESSIVE;
				GCC_WARN_UNUSED_FUNCTION = YES;
				GCC_WARN_UNUSED_VARIABLE = YES;
				IPHONEOS_DEPLOYMENT_TARGET = 11.2;
				MTL_ENABLE_DEBUG_INFO = YES;
				ONLY_ACTIVE_ARCH = YES;
				SDKROOT = iphoneos;
				SWIFT_ACTIVE_COMPILATION_CONDITIONS = DEBUG;
				SWIFT_OPTIMIZATION_LEVEL = "-Onone";
			};
			name = Debug;
		};
		892F1AB42065A0E500F1E199 /* Release */ = {
			isa = XCBuildConfiguration;
			buildSettings = {
				ALWAYS_SEARCH_USER_PATHS = NO;
				CLANG_ANALYZER_LOCALIZABILITY_NONLOCALIZED = YES;
				CLANG_ANALYZER_NONNULL = YES;
				CLANG_ANALYZER_NUMBER_OBJECT_CONVERSION = YES_AGGRESSIVE;
				CLANG_CXX_LANGUAGE_STANDARD = "gnu++14";
				CLANG_CXX_LIBRARY = "libc++";
				CLANG_ENABLE_MODULES = YES;
				CLANG_ENABLE_OBJC_ARC = YES;
				CLANG_WARN_BLOCK_CAPTURE_AUTORELEASING = YES;
				CLANG_WARN_BOOL_CONVERSION = YES;
				CLANG_WARN_COMMA = YES;
				CLANG_WARN_CONSTANT_CONVERSION = YES;
				CLANG_WARN_DIRECT_OBJC_ISA_USAGE = YES_ERROR;
				CLANG_WARN_DOCUMENTATION_COMMENTS = YES;
				CLANG_WARN_EMPTY_BODY = YES;
				CLANG_WARN_ENUM_CONVERSION = YES;
				CLANG_WARN_INFINITE_RECURSION = YES;
				CLANG_WARN_INT_CONVERSION = YES;
				CLANG_WARN_NON_LITERAL_NULL_CONVERSION = YES;
				CLANG_WARN_OBJC_LITERAL_CONVERSION = YES;
				CLANG_WARN_OBJC_ROOT_CLASS = YES_ERROR;
				CLANG_WARN_RANGE_LOOP_ANALYSIS = YES;
				CLANG_WARN_STRICT_PROTOTYPES = YES;
				CLANG_WARN_SUSPICIOUS_MOVE = YES;
				CLANG_WARN_UNGUARDED_AVAILABILITY = YES_AGGRESSIVE;
				CLANG_WARN_UNREACHABLE_CODE = YES;
				CLANG_WARN__DUPLICATE_METHOD_MATCH = YES;
				CODE_SIGN_IDENTITY = "iPhone Developer";
				COPY_PHASE_STRIP = NO;
				DEBUG_INFORMATION_FORMAT = "dwarf-with-dsym";
				ENABLE_NS_ASSERTIONS = NO;
				ENABLE_STRICT_OBJC_MSGSEND = YES;
				GCC_C_LANGUAGE_STANDARD = gnu11;
				GCC_NO_COMMON_BLOCKS = YES;
				GCC_WARN_64_TO_32_BIT_CONVERSION = YES;
				GCC_WARN_ABOUT_RETURN_TYPE = YES_ERROR;
				GCC_WARN_UNDECLARED_SELECTOR = YES;
				GCC_WARN_UNINITIALIZED_AUTOS = YES_AGGRESSIVE;
				GCC_WARN_UNUSED_FUNCTION = YES;
				GCC_WARN_UNUSED_VARIABLE = YES;
				IPHONEOS_DEPLOYMENT_TARGET = 11.2;
				MTL_ENABLE_DEBUG_INFO = NO;
				SDKROOT = iphoneos;
				SWIFT_OPTIMIZATION_LEVEL = "-Owholemodule";
				VALIDATE_PRODUCT = YES;
			};
			name = Release;
		};
		892F1AB62065A0E500F1E199 /* Debug */ = {
			isa = XCBuildConfiguration;
			baseConfigurationReference = 0F0B552D3B7EF5BF6A947D3E /* Pods-BeerList.debug.xcconfig */;
			buildSettings = {
				ASSETCATALOG_COMPILER_APPICON_NAME = AppIcon;
				CODE_SIGN_STYLE = Automatic;
				DEVELOPMENT_TEAM = ZXYSZCCRU7;
				INFOPLIST_FILE = "$(SRCROOT)/BeerList/Application/Info.plist";
				LD_RUNPATH_SEARCH_PATHS = "$(inherited) @executable_path/Frameworks";
				PRODUCT_BUNDLE_IDENTIFIER = com.uabit.BeerList;
				PRODUCT_NAME = "$(TARGET_NAME)";
				SWIFT_VERSION = 4.0;
				TARGETED_DEVICE_FAMILY = "1,2";
			};
			name = Debug;
		};
		892F1AB72065A0E500F1E199 /* Release */ = {
			isa = XCBuildConfiguration;
			baseConfigurationReference = F2536B48C1D6E8AD74691F48 /* Pods-BeerList.release.xcconfig */;
			buildSettings = {
				ASSETCATALOG_COMPILER_APPICON_NAME = AppIcon;
				CODE_SIGN_STYLE = Automatic;
				DEVELOPMENT_TEAM = ZXYSZCCRU7;
				INFOPLIST_FILE = "$(SRCROOT)/BeerList/Application/Info.plist";
				LD_RUNPATH_SEARCH_PATHS = "$(inherited) @executable_path/Frameworks";
				PRODUCT_BUNDLE_IDENTIFIER = com.uabit.BeerList;
				PRODUCT_NAME = "$(TARGET_NAME)";
				SWIFT_VERSION = 4.0;
				TARGETED_DEVICE_FAMILY = "1,2";
			};
			name = Release;
		};
/* End XCBuildConfiguration section */

/* Begin XCConfigurationList section */
		892F1A9E2065A0E500F1E199 /* Build configuration list for PBXProject "BeerList" */ = {
			isa = XCConfigurationList;
			buildConfigurations = (
				892F1AB32065A0E500F1E199 /* Debug */,
				892F1AB42065A0E500F1E199 /* Release */,
			);
			defaultConfigurationIsVisible = 0;
			defaultConfigurationName = Release;
		};
		892F1AB52065A0E500F1E199 /* Build configuration list for PBXNativeTarget "BeerList" */ = {
			isa = XCConfigurationList;
			buildConfigurations = (
				892F1AB62065A0E500F1E199 /* Debug */,
				892F1AB72065A0E500F1E199 /* Release */,
			);
			defaultConfigurationIsVisible = 0;
			defaultConfigurationName = Release;
		};
/* End XCConfigurationList section */
	};
	rootObject = 892F1A9B2065A0E500F1E199 /* Project object */;
}
