// !$*UTF8*$!
{
	archiveVersion = 1;
	classes = {
	};
	objectVersion = 48;
	objects = {

/* Begin PBXBuildFile section */
		892F1AA92065A0E500F1E199 /* ViewController.swift in Sources */ = {isa = PBXBuildFile; fileRef = 892F1AA82065A0E500F1E199 /* ViewController.swift */; };
		892F1AAC2065A0E500F1E199 /* Main.storyboard in Resources */ = {isa = PBXBuildFile; fileRef = 892F1AAA2065A0E500F1E199 /* Main.storyboard */; };
		892F1AAE2065A0E500F1E199 /* Assets.xcassets in Resources */ = {isa = PBXBuildFile; fileRef = 892F1AAD2065A0E500F1E199 /* Assets.xcassets */; };
		892F1AC42065A5B700F1E199 /* AppDelegate.swift in Sources */ = {isa = PBXBuildFile; fileRef = 892F1AC22065A5B700F1E199 /* AppDelegate.swift */; };
		892F1AC52065A5B700F1E199 /* Info.plist in Resources */ = {isa = PBXBuildFile; fileRef = 892F1AC32065A5B700F1E199 /* Info.plist */; };
		892F1AC82065A5C400F1E199 /* LaunchScreen.storyboard in Resources */ = {isa = PBXBuildFile; fileRef = 892F1AC62065A5C400F1E199 /* LaunchScreen.storyboard */; };
/* End PBXBuildFile section */

/* Begin PBXFileReference section */
		892F1AA32065A0E500F1E199 /* BeerList.app */ = {isa = PBXFileReference; explicitFileType = wrapper.application; includeInIndex = 0; path = BeerList.app; sourceTree = BUILT_PRODUCTS_DIR; };
		892F1AA82065A0E500F1E199 /* ViewController.swift */ = {isa = PBXFileReference; lastKnownFileType = sourcecode.swift; path = ViewController.swift; sourceTree = "<group>"; };
		892F1AAB2065A0E500F1E199 /* Base */ = {isa = PBXFileReference; lastKnownFileType = file.storyboard; name = Base; path = Base.lproj/Main.storyboard; sourceTree = "<group>"; };
		892F1AAD2065A0E500F1E199 /* Assets.xcassets */ = {isa = PBXFileReference; lastKnownFileType = folder.assetcatalog; path = Assets.xcassets; sourceTree = "<group>"; };
		892F1AC22065A5B700F1E199 /* AppDelegate.swift */ = {isa = PBXFileReference; fileEncoding = 4; lastKnownFileType = sourcecode.swift; path = AppDelegate.swift; sourceTree = "<group>"; };
		892F1AC32065A5B700F1E199 /* Info.plist */ = {isa = PBXFileReference; fileEncoding = 4; lastKnownFileType = text.plist.xml; path = Info.plist; sourceTree = "<group>"; };
		892F1AC72065A5C400F1E199 /* Base */ = {isa = PBXFileReference; lastKnownFileType = file.storyboard; name = Base; path = Base.lproj/LaunchScreen.storyboard; sourceTree = "<group>"; };
/* End PBXFileReference section */

/* Begin PBXFrameworksBuildPhase section */
		892F1AA02065A0E500F1E199 /* Frameworks */ = {
			isa = PBXFrameworksBuildPhase;
			buildActionMask = 2147483647;
			files = (
			);
			runOnlyForDeploymentPostprocessing = 0;
		};
/* End PBXFrameworksBuildPhase section */

/* Begin PBXGroup section */
		892F1A9A2065A0E500F1E199 = {
			isa = PBXGroup;
			children = (
				892F1AA52065A0E500F1E199 /* BeerList */,
				892F1AA42065A0E500F1E199 /* Products */,
			);
			sourceTree = "<group>";
		};
		892F1AA42065A0E500F1E199 /* Products */ = {
			isa = PBXGroup;
			children = (
				892F1AA32065A0E500F1E199 /* BeerList.app */,
			);
			name = Products;
			sourceTree = "<group>";
		};
		892F1AA52065A0E500F1E199 /* BeerList */ = {
			isa = PBXGroup;
			children = (
				892F1AB82065A19B00F1E199 /* Modules */,
				892F1ABB2065A1F000F1E199 /* Entities */,
				892F1ABC2065A20600F1E199 /* Utils */,
				892F1ABE2065A21C00F1E199 /* Assets */,
				892F1AC12065A24600F1E199 /* Application */,
				892F1AA82065A0E500F1E199 /* ViewController.swift */,
				892F1AAA2065A0E500F1E199 /* Main.storyboard */,
			);
			path = BeerList;
			sourceTree = "<group>";
		};
		892F1AB82065A19B00F1E199 /* Modules */ = {
			isa = PBXGroup;
			children = (
				892F1ABA2065A1CC00F1E199 /* BeerDetail */,
				892F1AB92065A1C000F1E199 /* BeersList */,
			);
			path = Modules;
			sourceTree = "<group>";
		};
		892F1AB92065A1C000F1E199 /* BeersList */ = {
			isa = PBXGroup;
			children = (
			);
			path = BeersList;
			sourceTree = "<group>";
		};
		892F1ABA2065A1CC00F1E199 /* BeerDetail */ = {
			isa = PBXGroup;
			children = (
			);
			path = BeerDetail;
			sourceTree = "<group>";
		};
		892F1ABB2065A1F000F1E199 /* Entities */ = {
			isa = PBXGroup;
			children = (
			);
			path = Entities;
			sourceTree = "<group>";
		};
		892F1ABC2065A20600F1E199 /* Utils */ = {
			isa = PBXGroup;
			children = (
			);
			path = Utils;
			sourceTree = "<group>";
		};
		892F1ABE2065A21C00F1E199 /* Assets */ = {
			isa = PBXGroup;
			children = (
				892F1AC02065A23800F1E199 /* Strings */,
				892F1ABF2065A22C00F1E199 /* Images */,
			);
			path = Assets;
			sourceTree = "<group>";
		};
		892F1ABF2065A22C00F1E199 /* Images */ = {
			isa = PBXGroup;
			children = (
				892F1AAD2065A0E500F1E199 /* Assets.xcassets */,
			);
			path = Images;
			sourceTree = "<group>";
		};
		892F1AC02065A23800F1E199 /* Strings */ = {
			isa = PBXGroup;
			children = (
			);
			path = Strings;
			sourceTree = "<group>";
		};
		892F1AC12065A24600F1E199 /* Application */ = {
			isa = PBXGroup;
			children = (
				892F1AC62065A5C400F1E199 /* LaunchScreen.storyboard */,
				892F1AC22065A5B700F1E199 /* AppDelegate.swift */,
				892F1AC32065A5B700F1E199 /* Info.plist */,
			);
			path = Application;
			sourceTree = "<group>";
		};
/* End PBXGroup section */

/* Begin PBXNativeTarget section */
		892F1AA22065A0E500F1E199 /* BeerList */ = {
			isa = PBXNativeTarget;
			buildConfigurationList = 892F1AB52065A0E500F1E199 /* Build configuration list for PBXNativeTarget "BeerList" */;
			buildPhases = (
				892F1A9F2065A0E500F1E199 /* Sources */,
				892F1AA02065A0E500F1E199 /* Frameworks */,
				892F1AA12065A0E500F1E199 /* Resources */,
			);
			buildRules = (
			);
			dependencies = (
			);
			name = BeerList;
			productName = BeerList;
			productReference = 892F1AA32065A0E500F1E199 /* BeerList.app */;
			productType = "com.apple.product-type.application";
		};
/* End PBXNativeTarget section */

/* Begin PBXProject section */
		892F1A9B2065A0E500F1E199 /* Project object */ = {
			isa = PBXProject;
			attributes = {
				LastSwiftUpdateCheck = 0920;
				LastUpgradeCheck = 0920;
				ORGANIZATIONNAME = "Nicolau Atala Pelluzi";
				TargetAttributes = {
					892F1AA22065A0E500F1E199 = {
						CreatedOnToolsVersion = 9.2;
						ProvisioningStyle = Automatic;
					};
				};
			};
			buildConfigurationList = 892F1A9E2065A0E500F1E199 /* Build configuration list for PBXProject "BeerList" */;
			compatibilityVersion = "Xcode 8.0";
			developmentRegion = en;
			hasScannedForEncodings = 0;
			knownRegions = (
				en,
				Base,
			);
			mainGroup = 892F1A9A2065A0E500F1E199;
			productRefGroup = 892F1AA42065A0E500F1E199 /* Products */;
			projectDirPath = "";
			projectRoot = "";
			targets = (
				892F1AA22065A0E500F1E199 /* BeerList */,
			);
		};
/* End PBXProject section */

/* Begin PBXResourcesBuildPhase section */
		892F1AA12065A0E500F1E199 /* Resources */ = {
			isa = PBXResourcesBuildPhase;
			buildActionMask = 2147483647;
			files = (
				892F1AAE2065A0E500F1E199 /* Assets.xcassets in Resources */,
				892F1AC82065A5C400F1E199 /* LaunchScreen.storyboard in Resources */,
				892F1AAC2065A0E500F1E199 /* Main.storyboard in Resources */,
				892F1AC52065A5B700F1E199 /* Info.plist in Resources */,
			);
			runOnlyForDeploymentPostprocessing = 0;
		};
/* End PBXResourcesBuildPhase section */

/* Begin PBXSourcesBuildPhase section */
		892F1A9F2065A0E500F1E199 /* Sources */ = {
			isa = PBXSourcesBuildPhase;
			buildActionMask = 2147483647;
			files = (
				892F1AC42065A5B700F1E199 /* AppDelegate.swift in Sources */,
				892F1AA92065A0E500F1E199 /* ViewController.swift in Sources */,
			);
			runOnlyForDeploymentPostprocessing = 0;
		};
/* End PBXSourcesBuildPhase section */

/* Begin PBXVariantGroup section */
		892F1AAA2065A0E500F1E199 /* Main.storyboard */ = {
			isa = PBXVariantGroup;
			children = (
				892F1AAB2065A0E500F1E199 /* Base */,
			);
			name = Main.storyboard;
			sourceTree = "<group>";
		};
		892F1AC62065A5C400F1E199 /* LaunchScreen.storyboard */ = {
			isa = PBXVariantGroup;
			children = (
				892F1AC72065A5C400F1E199 /* Base */,
			);
			name = LaunchScreen.storyboard;
			sourceTree = "<group>";
		};
/* End PBXVariantGroup section */

/* Begin XCBuildConfiguration section */
		892F1AB32065A0E500F1E199 /* Debug */ = {
			isa = XCBuildConfiguration;
			buildSettings = {
				ALWAYS_SEARCH_USER_PATHS = NO;
				CLANG_ANALYZER_NONNULL = YES;
				CLANG_ANALYZER_NUMBER_OBJECT_CONVERSION = YES_AGGRESSIVE;
				CLANG_CXX_LANGUAGE_STANDARD = "gnu++14";
				CLANG_CXX_LIBRARY = "libc++";
				CLANG_ENABLE_MODULES = YES;
				CLANG_ENABLE_OBJC_ARC = YES;
				CLANG_WARN_BLOCK_CAPTURE_AUTORELEASING = YES;
				CLANG_WARN_BOOL_CONVERSION = YES;
				CLANG_WARN_COMMA = YES;
				CLANG_WARN_CONSTANT_CONVERSION = YES;
				CLANG_WARN_DIRECT_OBJC_ISA_USAGE = YES_ERROR;
				CLANG_WARN_DOCUMENTATION_COMMENTS = YES;
				CLANG_WARN_EMPTY_BODY = YES;
				CLANG_WARN_ENUM_CONVERSION = YES;
				CLANG_WARN_INFINITE_RECURSION = YES;
				CLANG_WARN_INT_CONVERSION = YES;
				CLANG_WARN_NON_LITERAL_NULL_CONVERSION = YES;
				CLANG_WARN_OBJC_LITERAL_CONVERSION = YES;
				CLANG_WARN_OBJC_ROOT_CLASS = YES_ERROR;
				CLANG_WARN_RANGE_LOOP_ANALYSIS = YES;
				CLANG_WARN_STRICT_PROTOTYPES = YES;
				CLANG_WARN_SUSPICIOUS_MOVE = YES;
				CLANG_WARN_UNGUARDED_AVAILABILITY = YES_AGGRESSIVE;
				CLANG_WARN_UNREACHABLE_CODE = YES;
				CLANG_WARN__DUPLICATE_METHOD_MATCH = YES;
				CODE_SIGN_IDENTITY = "iPhone Developer";
				COPY_PHASE_STRIP = NO;
				DEBUG_INFORMATION_FORMAT = dwarf;
				ENABLE_STRICT_OBJC_MSGSEND = YES;
				ENABLE_TESTABILITY = YES;
				GCC_C_LANGUAGE_STANDARD = gnu11;
				GCC_DYNAMIC_NO_PIC = NO;
				GCC_NO_COMMON_BLOCKS = YES;
				GCC_OPTIMIZATION_LEVEL = 0;
				GCC_PREPROCESSOR_DEFINITIONS = (
					"DEBUG=1",
					"$(inherited)",
				);
				GCC_WARN_64_TO_32_BIT_CONVERSION = YES;
				GCC_WARN_ABOUT_RETURN_TYPE = YES_ERROR;
				GCC_WARN_UNDECLARED_SELECTOR = YES;
				GCC_WARN_UNINITIALIZED_AUTOS = YES_AGGRESSIVE;
				GCC_WARN_UNUSED_FUNCTION = YES;
				GCC_WARN_UNUSED_VARIABLE = YES;
				IPHONEOS_DEPLOYMENT_TARGET = 11.2;
				MTL_ENABLE_DEBUG_INFO = YES;
				ONLY_ACTIVE_ARCH = YES;
				SDKROOT = iphoneos;
				SWIFT_ACTIVE_COMPILATION_CONDITIONS = DEBUG;
				SWIFT_OPTIMIZATION_LEVEL = "-Onone";
			};
			name = Debug;
		};
		892F1AB42065A0E500F1E199 /* Release */ = {
			isa = XCBuildConfiguration;
			buildSettings = {
				ALWAYS_SEARCH_USER_PATHS = NO;
				CLANG_ANALYZER_NONNULL = YES;
				CLANG_ANALYZER_NUMBER_OBJECT_CONVERSION = YES_AGGRESSIVE;
				CLANG_CXX_LANGUAGE_STANDARD = "gnu++14";
				CLANG_CXX_LIBRARY = "libc++";
				CLANG_ENABLE_MODULES = YES;
				CLANG_ENABLE_OBJC_ARC = YES;
				CLANG_WARN_BLOCK_CAPTURE_AUTORELEASING = YES;
				CLANG_WARN_BOOL_CONVERSION = YES;
				CLANG_WARN_COMMA = YES;
				CLANG_WARN_CONSTANT_CONVERSION = YES;
				CLANG_WARN_DIRECT_OBJC_ISA_USAGE = YES_ERROR;
				CLANG_WARN_DOCUMENTATION_COMMENTS = YES;
				CLANG_WARN_EMPTY_BODY = YES;
				CLANG_WARN_ENUM_CONVERSION = YES;
				CLANG_WARN_INFINITE_RECURSION = YES;
				CLANG_WARN_INT_CONVERSION = YES;
				CLANG_WARN_NON_LITERAL_NULL_CONVERSION = YES;
				CLANG_WARN_OBJC_LITERAL_CONVERSION = YES;
				CLANG_WARN_OBJC_ROOT_CLASS = YES_ERROR;
				CLANG_WARN_RANGE_LOOP_ANALYSIS = YES;
				CLANG_WARN_STRICT_PROTOTYPES = YES;
				CLANG_WARN_SUSPICIOUS_MOVE = YES;
				CLANG_WARN_UNGUARDED_AVAILABILITY = YES_AGGRESSIVE;
				CLANG_WARN_UNREACHABLE_CODE = YES;
				CLANG_WARN__DUPLICATE_METHOD_MATCH = YES;
				CODE_SIGN_IDENTITY = "iPhone Developer";
				COPY_PHASE_STRIP = NO;
				DEBUG_INFORMATION_FORMAT = "dwarf-with-dsym";
				ENABLE_NS_ASSERTIONS = NO;
				ENABLE_STRICT_OBJC_MSGSEND = YES;
				GCC_C_LANGUAGE_STANDARD = gnu11;
				GCC_NO_COMMON_BLOCKS = YES;
				GCC_WARN_64_TO_32_BIT_CONVERSION = YES;
				GCC_WARN_ABOUT_RETURN_TYPE = YES_ERROR;
				GCC_WARN_UNDECLARED_SELECTOR = YES;
				GCC_WARN_UNINITIALIZED_AUTOS = YES_AGGRESSIVE;
				GCC_WARN_UNUSED_FUNCTION = YES;
				GCC_WARN_UNUSED_VARIABLE = YES;
				IPHONEOS_DEPLOYMENT_TARGET = 11.2;
				MTL_ENABLE_DEBUG_INFO = NO;
				SDKROOT = iphoneos;
				SWIFT_OPTIMIZATION_LEVEL = "-Owholemodule";
				VALIDATE_PRODUCT = YES;
			};
			name = Release;
		};
		892F1AB62065A0E500F1E199 /* Debug */ = {
			isa = XCBuildConfiguration;
			buildSettings = {
				ASSETCATALOG_COMPILER_APPICON_NAME = AppIcon;
				CODE_SIGN_STYLE = Automatic;
				DEVELOPMENT_TEAM = ZXYSZCCRU7;
				INFOPLIST_FILE = "$(SRCROOT)/BeerList/Application/Info.plist";
				LD_RUNPATH_SEARCH_PATHS = "$(inherited) @executable_path/Frameworks";
				PRODUCT_BUNDLE_IDENTIFIER = com.uabit.BeerList;
				PRODUCT_NAME = "$(TARGET_NAME)";
				SWIFT_VERSION = 4.0;
				TARGETED_DEVICE_FAMILY = "1,2";
			};
			name = Debug;
		};
		892F1AB72065A0E500F1E199 /* Release */ = {
			isa = XCBuildConfiguration;
			buildSettings = {
				ASSETCATALOG_COMPILER_APPICON_NAME = AppIcon;
				CODE_SIGN_STYLE = Automatic;
				DEVELOPMENT_TEAM = ZXYSZCCRU7;
				INFOPLIST_FILE = "$(SRCROOT)/BeerList/Application/Info.plist";
				LD_RUNPATH_SEARCH_PATHS = "$(inherited) @executable_path/Frameworks";
				PRODUCT_BUNDLE_IDENTIFIER = com.uabit.BeerList;
				PRODUCT_NAME = "$(TARGET_NAME)";
				SWIFT_VERSION = 4.0;
				TARGETED_DEVICE_FAMILY = "1,2";
			};
			name = Release;
		};
/* End XCBuildConfiguration section */

/* Begin XCConfigurationList section */
		892F1A9E2065A0E500F1E199 /* Build configuration list for PBXProject "BeerList" */ = {
			isa = XCConfigurationList;
			buildConfigurations = (
				892F1AB32065A0E500F1E199 /* Debug */,
				892F1AB42065A0E500F1E199 /* Release */,
			);
			defaultConfigurationIsVisible = 0;
			defaultConfigurationName = Release;
		};
		892F1AB52065A0E500F1E199 /* Build configuration list for PBXNativeTarget "BeerList" */ = {
			isa = XCConfigurationList;
			buildConfigurations = (
				892F1AB62065A0E500F1E199 /* Debug */,
				892F1AB72065A0E500F1E199 /* Release */,
			);
			defaultConfigurationIsVisible = 0;
			defaultConfigurationName = Release;
		};
/* End XCConfigurationList section */
	};
	rootObject = 892F1A9B2065A0E500F1E199 /* Project object */;
}
